PODS:
  - Flutter (1.0.0)
  - geocoding (1.0.5):
    - Flutter
  - image_cropper (0.0.4):
    - Flutter
    - TOCropViewController (~> 2.6.1)
  - image_picker_ios (0.0.1):
    - Flutter
  - MTBBarcodeScanner (5.0.11)
  - qr_code_scanner (0.2.0):
    - Flutter
    - MTBBarcodeScanner
  - shared_preferences_ios (0.0.1):
    - Flutter
  - Stripe (22.8.3):
    - Stripe/Stripe3DS2 (= 22.8.3)
    - StripeApplePay (= 22.8.3)
    - StripeCore (= 22.8.3)
    - StripeUICore (= 22.8.3)
  - Stripe/Stripe3DS2 (22.8.3):
    - StripeApplePay (= 22.8.3)
    - StripeCore (= 22.8.3)
    - StripeUICore (= 22.8.3)
  - stripe_ios (0.0.1):
    - Flutter
    - Stripe (~> 22.8.1)
    - StripeFinancialConnections (~> 22.8.1)
  - StripeApplePay (22.8.3):
    - StripeCore (= 22.8.3)
  - StripeCore (22.8.3)
  - StripeFinancialConnections (22.8.3):
    - StripeCore (= 22.8.3)
    - StripeUICore (= 22.8.3)
  - StripeUICore (22.8.3):
    - StripeCore (= 22.8.3)
  - TOCropViewController (2.6.1)

DEPENDENCIES:
  - Flutter (from `Flutter`)
  - geocoding (from `.symlinks/plugins/geocoding/ios`)
  - image_cropper (from `.symlinks/plugins/image_cropper/ios`)
  - image_picker_ios (from `.symlinks/plugins/image_picker_ios/ios`)
  - qr_code_scanner (from `.symlinks/plugins/qr_code_scanner/ios`)
  - shared_preferences_ios (from `.symlinks/plugins/shared_preferences_ios/ios`)
  - stripe_ios (from `.symlinks/plugins/stripe_ios/ios`)

SPEC REPOS:
  trunk:
    - MTBBarcodeScanner
    - Stripe
    - StripeApplePay
    - StripeCore
    - StripeFinancialConnections
    - StripeUICore
    - TOCropViewController

EXTERNAL SOURCES:
  Flutter:
    :path: Flutter
  geocoding:
    :path: ".symlinks/plugins/geocoding/ios"
  image_cropper:
    :path: ".symlinks/plugins/image_cropper/ios"
  image_picker_ios:
    :path: ".symlinks/plugins/image_picker_ios/ios"
  qr_code_scanner:
    :path: ".symlinks/plugins/qr_code_scanner/ios"
  shared_preferences_ios:
    :path: ".symlinks/plugins/shared_preferences_ios/ios"
  stripe_ios:
    :path: ".symlinks/plugins/stripe_ios/ios"

SPEC CHECKSUMS:
  Flutter: f04841e97a9d0b0a8025694d0796dd46242b2854
  geocoding: 32cfcdb16d38d907caaba65e2e42ad10d38bee58
  image_cropper: 60c2789d1f1a78c873235d4319ca0c34a69f2d98
  image_picker_ios: b786a5dcf033a8336a657191401bfdf12017dabb
  MTBBarcodeScanner: f453b33c4b7dfe545d8c6484ed744d55671788cb
  qr_code_scanner: bb67d64904c3b9658ada8c402e8b4d406d5d796e
  shared_preferences_ios: 548a61f8053b9b8a49ac19c1ffbc8b92c50d68ad
  Stripe: 90c12b350ae9e8a262efa87d230c00110c741f88
  stripe_ios: 8ad17b19d7d2189d7c19fd15d9ecffeca696390f
  StripeApplePay: ce1edb7b3cb8b1abe29734f0fb887ee839a08043
  StripeCore: 7197196aa2344c5c5eaf4a1ba406950c06b1c01c
  StripeFinancialConnections: ff08ef2f655b8f577f0bf70f10b588517dfa667e
  StripeUICore: 5b635db49163d62f9aa831269031de382bcb2bbd
  TOCropViewController: edfd4f25713d56905ad1e0b9f5be3fbe0f59c863

PODFILE CHECKSUM: 4e8f8b2be68aeea4c0d5beb6ff1e79fface1d048

COCOAPODS: 1.11.3
