PODS:
  - Flutter (1.0.0)
  - geocoding (1.0.5):
    - Flutter
  - image_cropper (0.0.4):
    - Flutter
    - TOCropViewController (~> 2.6.1)
  - image_picker_ios (0.0.1):
    - Flutter
  - MTBBarcodeScanner (5.0.11)
  - qr_code_scanner (0.2.0):
    - Flutter
    - MTBBarcodeScanner
  - shared_preferences_ios (0.0.1):
    - Flutter
  - TOCropViewController (2.6.1)

DEPENDENCIES:
  - Flutter (from `Flutter`)
  - geocoding (from `.symlinks/plugins/geocoding/ios`)
  - image_cropper (from `.symlinks/plugins/image_cropper/ios`)
  - image_picker_ios (from `.symlinks/plugins/image_picker_ios/ios`)
  - qr_code_scanner (from `.symlinks/plugins/qr_code_scanner/ios`)
  - shared_preferences_ios (from `.symlinks/plugins/shared_preferences_ios/ios`)

SPEC REPOS:
  trunk:
    - MTBBarcodeScanner
    - TOCropViewController

EXTERNAL SOURCES:
  Flutter:
    :path: Flutter
  geocoding:
    :path: ".symlinks/plugins/geocoding/ios"
  image_cropper:
    :path: ".symlinks/plugins/image_cropper/ios"
  image_picker_ios:
    :path: ".symlinks/plugins/image_picker_ios/ios"
  qr_code_scanner:
    :path: ".symlinks/plugins/qr_code_scanner/ios"
  shared_preferences_ios:
    :path: ".symlinks/plugins/shared_preferences_ios/ios"

SPEC CHECKSUMS:
  Flutter: 50d75fe2f02b26cc09d224853bb45737f8b3214a
  geocoding: 32cfcdb16d38d907caaba65e2e42ad10d38bee58
  image_cropper: 60c2789d1f1a78c873235d4319ca0c34a69f2d98
  image_picker_ios: b786a5dcf033a8336a657191401bfdf12017dabb
  MTBBarcodeScanner: f453b33c4b7dfe545d8c6484ed744d55671788cb
  qr_code_scanner: bb67d64904c3b9658ada8c402e8b4d406d5d796e
  shared_preferences_ios: 548a61f8053b9b8a49ac19c1ffbc8b92c50d68ad
  TOCropViewController: edfd4f25713d56905ad1e0b9f5be3fbe0f59c863

PODFILE CHECKSUM: aafe91acc616949ddb318b77800a7f51bffa2a4c

COCOAPODS: 1.11.3
